
Microsoft Visual Studio Solution File, Format Version 12.00
# Visual Studio Version 16
VisualStudioVersion = 16.0.30204.135
MinimumVisualStudioVersion = 10.0.40219.1
Project("{8BC9CEB8-8B4A-11D0-8D11-00A0C91BC942}") = "01 hello", "01 hello\01 hello.vcxproj", "{BA1EBF33-CCB3-4797-A88B-93A87A6E2262}"
EndProject
Project("{8BC9CEB8-8B4A-11D0-8D11-00A0C91BC942}") = "02 赋值运算符函数", "02 赋值运算符函数\02 赋值运算符函数.vcxproj", "{1C2BA32D-6A8D-46DE-9FB5-F7EDFA029402}"
EndProject
Project("{8BC9CEB8-8B4A-11D0-8D11-00A0C91BC942}") = "03 二维数组中的查找", "03 二维数组中的查找\03 二维数组中的查找.vcxproj", "{0D8078EC-C151-4614-B7A7-9B684E004888}"
EndProject
Project("{8BC9CEB8-8B4A-11D0-8D11-00A0C91BC942}") = "04 替换空格", "04 替换空格\04 替换空格.vcxproj", "{574F093C-1B9A-41DA-AE8F-08E405678374}"
EndProject
Project("{8BC9CEB8-8B4A-11D0-8D11-00A0C91BC942}") = "05 从尾到头打印链表", "05 从尾到头打印链表\05 从尾到头打印链表.vcxproj", "{CA94734E-FD80-4757-B861-E21E770B7AD6}"
EndProject
Project("{8BC9CEB8-8B4A-11D0-8D11-00A0C91BC942}") = "06 重建二叉树", "06 重建二叉树\06 重建二叉树.vcxproj", "{45FC94AF-40D8-4E68-842D-B827BA9EFEB3}"
EndProject
Project("{8BC9CEB8-8B4A-11D0-8D11-00A0C91BC942}") = "07 用两个栈实现队列", "07 用两个栈实现队列\07 用两个栈实现队列.vcxproj", "{C6F1ED8D-BDCF-4F33-8C57-275172150C5E}"
EndProject
Project("{8BC9CEB8-8B4A-11D0-8D11-00A0C91BC942}") = "快速排序", "快速排序\快速排序.vcxproj", "{54210AFC-9840-4D84-842D-F8E8D0826E79}"
EndProject
Project("{8BC9CEB8-8B4A-11D0-8D11-00A0C91BC942}") = "09 斐波那契数列", "09 斐波那契数列\09 斐波那契数列.vcxproj", "{C1E663D6-D8A9-4CF1-8B6E-311E0C2D2207}"
EndProject
Project("{8BC9CEB8-8B4A-11D0-8D11-00A0C91BC942}") = "10 二进制中1的个数", "10 二进制中1的个数\10 二进制中1的个数.vcxproj", "{10E07386-6411-41E4-A935-C3AAFBBA6662}"
EndProject
Project("{8BC9CEB8-8B4A-11D0-8D11-00A0C91BC942}") = "13 在O1时间内删除链表节点", "13 在O1时间内删除链表节点\13 在O1时间内删除链表节点.vcxproj", "{7251CD6C-2EA2-438F-B469-8EA62D460956}"
EndProject
Project("{8BC9CEB8-8B4A-11D0-8D11-00A0C91BC942}") = "复述", "复述\复述.vcxproj", "{2EC1C314-02D3-46ED-A9E5-58BDC1D549AB}"
EndProject
Project("{8BC9CEB8-8B4A-11D0-8D11-00A0C91BC942}") = "14 调整数组的顺序", "14 调整数组的顺序\14 调整数组的顺序.vcxproj", "{8552F834-2F6F-44F3-AFD6-A063D2CB989E}"
EndProject
Project("{8BC9CEB8-8B4A-11D0-8D11-00A0C91BC942}") = "15 链表倒数第k个节点", "15 链表倒数第k个节点\15 链表倒数第k个节点.vcxproj", "{1C0B9B42-2B6D-4FA1-8F95-D53712DD656E}"
EndProject
Project("{8BC9CEB8-8B4A-11D0-8D11-00A0C91BC942}") = "16 反转链表", "16 反转链表\16 反转链表.vcxproj", "{FEDBD700-7136-427E-BE06-90436BA7B5F4}"
EndProject
Project("{8BC9CEB8-8B4A-11D0-8D11-00A0C91BC942}") = "21 包含min函数的栈", "21 包含min函数的栈\21 包含min函数的栈.vcxproj", "{AB5C1638-CCBD-48F6-A8E5-9FB66C59017C}"
EndProject
Project("{8BC9CEB8-8B4A-11D0-8D11-00A0C91BC942}") = "22 栈的压入弹出序列", "22 栈的压入弹出序列\22 栈的压入弹出序列.vcxproj", "{EDE788DD-1259-4E7C-A345-11EB6BBF3FCB}"
EndProject
Project("{8BC9CEB8-8B4A-11D0-8D11-00A0C91BC942}") = "23 层序遍历二叉树", "23 层序遍历二叉树\23 层序遍历二叉树.vcxproj", "{635E5070-29FB-4620-847A-FA34A7222789}"
EndProject
Project("{8BC9CEB8-8B4A-11D0-8D11-00A0C91BC942}") = "24 二叉搜索树的后序遍历序列", "二叉搜索树的后序遍历\二叉搜索树的后序遍历.vcxproj", "{D0EB5BA3-FA67-4C6A-BCF9-AEB4E52032FC}"
EndProject
Project("{8BC9CEB8-8B4A-11D0-8D11-00A0C91BC942}") = "25 二叉树中和为某一值的路径", "25 二叉树中和为某一值的路径\25 二叉树中和为某一值的路径.vcxproj", "{5BFABFC7-C71E-403E-AF5F-68E2D3943F83}"
EndProject
Project("{8BC9CEB8-8B4A-11D0-8D11-00A0C91BC942}") = "28 字符串的排列", "28 字符串的排列\28 字符串的排列.vcxproj", "{040DE1DB-8E86-4630-AE51-0754AB281636}"
EndProject
Project("{8BC9CEB8-8B4A-11D0-8D11-00A0C91BC942}") = "STLmap", "STLmap\STLmap.vcxproj", "{3C4BED24-B9E1-48B6-A257-3237F983B452}"
EndProject
Project("{8BC9CEB8-8B4A-11D0-8D11-00A0C91BC942}") = "RBTree", "RBTree\RBTree.vcxproj", "{004D5026-5ED5-48FB-91DF-4618E1664D2F}"
EndProject
Project("{8BC9CEB8-8B4A-11D0-8D11-00A0C91BC942}") = "27 二叉搜索树和双向链表", "27 二叉搜索树和双向链表\27 二叉搜索树和双向链表.vcxproj", "{894F32E2-E449-4ADA-B095-6669DBA72039}"
EndProject
Project("{8BC9CEB8-8B4A-11D0-8D11-00A0C91BC942}") = "二叉树的创建和遍历", "二叉树的创建和便利\二叉树的创建和便利.vcxproj", "{4D349D91-4A88-4595-9CE9-BB56B75E93B5}"
EndProject
Project("{8BC9CEB8-8B4A-11D0-8D11-00A0C91BC942}") = "hot3 无重复字符的最长子串", "hot3 无重复字符的最长子串\hot3 无重复字符的最长子串.vcxproj", "{6924C3AB-2339-4F0D-B06C-2B7F73C8C04D}"
EndProject
Project("{8BC9CEB8-8B4A-11D0-8D11-00A0C91BC942}") = "hot15三数之和", "hot15三数之和\hot15三数之和.vcxproj", "{F9F94086-A2D3-414E-9D18-3FF74DFE85F6}"
EndProject
Project("{8BC9CEB8-8B4A-11D0-8D11-00A0C91BC942}") = "hot8字符串转整数", "hot8字符串转整数\hot8字符串转整数.vcxproj", "{42F1BA29-B36B-4212-BF7B-7AFC0248D354}"
EndProject
Project("{8BC9CEB8-8B4A-11D0-8D11-00A0C91BC942}") = "表示数值的字符串", "表示数值的字符串\表示数值的字符串.vcxproj", "{87611FC9-14E9-4B1E-B26A-36CBB9E28987}"
EndProject
Project("{8BC9CEB8-8B4A-11D0-8D11-00A0C91BC942}") = "lt107二叉树的层次遍历", "lt107二叉树的层次遍历\lt107二叉树的层次遍历.vcxproj", "{AA724177-B79D-44F1-A3B4-74F964256E67}"
EndProject
Project("{8BC9CEB8-8B4A-11D0-8D11-00A0C91BC942}") = "lt347前k个高频元素", "lt347前k个高频元素\lt347前k个高频元素.vcxproj", "{CEC832E1-307E-4805-A240-D21DB99FF919}"
EndProject
Project("{8BC9CEB8-8B4A-11D0-8D11-00A0C91BC942}") = "lt77组合", "lt77组合\lt77组合.vcxproj", "{27C1E2FF-91E0-4733-AD31-273EDCB7B33D}"
EndProject
Project("{8BC9CEB8-8B4A-11D0-8D11-00A0C91BC942}") = "lt39组合总和", "lt39组合总和\lt39组合总和.vcxproj", "{8EAEDB53-47CE-4F7A-A88E-C42D62236E66}"
EndProject
Project("{8BC9CEB8-8B4A-11D0-8D11-00A0C91BC942}") = "lt46全排列", "lt46全排列\lt46全排列.vcxproj", "{A53E39F8-2F7D-4B4B-90EB-5E2E94272398}"
EndProject
Project("{8BC9CEB8-8B4A-11D0-8D11-00A0C91BC942}") = "lt40组合总和II", "lt40组合总和II\lt40组合总和II.vcxproj", "{CA89EF9E-FB68-4D01-89EE-B53CCAFC0C97}"
EndProject
Project("{8BC9CEB8-8B4A-11D0-8D11-00A0C91BC942}") = "lt11盛最多水的容器", "lt11盛最多水的容器\lt11盛最多水的容器.vcxproj", "{A63867CE-1B16-45C5-9E71-0645C9D18D6B}"
EndProject
Project("{8BC9CEB8-8B4A-11D0-8D11-00A0C91BC942}") = "lt15三数之和", "lt15三数之和\lt15三数之和.vcxproj", "{7EB213D5-96E9-4581-93CB-52967CFC8ED5}"
EndProject
Project("{8BC9CEB8-8B4A-11D0-8D11-00A0C91BC942}") = "lt216组合总和III", "lt216组合总和III\lt216组合总和III.vcxproj", "{5F3D9DC8-68C0-4DC0-A80B-293EB77FDC97}"
EndProject
Project("{8BC9CEB8-8B4A-11D0-8D11-00A0C91BC942}") = "lt18.四数之和", "lt18.四数之和\lt18.四数之和.vcxproj", "{83D29380-CFC0-4C45-82B7-00E149411F1C}"
EndProject
Project("{8BC9CEB8-8B4A-11D0-8D11-00A0C91BC942}") = "lt229求众数", "lt229求众数\lt229求众数.vcxproj", "{8C9C8DB8-4D87-4A3B-83B8-EDD19BBA63F8}"
EndProject
Project("{8BC9CEB8-8B4A-11D0-8D11-00A0C91BC942}") = "lt16.03 交点", "lt16.03 交点\lt16.03 交点.vcxproj", "{B76E8B21-2C94-4831-AD15-A3DA7BB23EF5}"
EndProject
Project("{8BC9CEB8-8B4A-11D0-8D11-00A0C91BC942}") = "lt640.求解方程", "lt640.求解方程\lt640.求解方程.vcxproj", "{C8EEAD29-6D5C-4FE7-A25A-8C578EF7E00A}"
EndProject
Project("{8BC9CEB8-8B4A-11D0-8D11-00A0C91BC942}") = "lt404.左叶子之和", "lt404.左叶子之和\lt404.左叶子之和.vcxproj", "{87D5A3FA-EFCD-4EED-AB73-ACF7356CE8E2}"
EndProject
Project("{8BC9CEB8-8B4A-11D0-8D11-00A0C91BC942}") = "lt.538把二叉树转换为累加树", "lt.538把二叉树转换为累加树\lt.538把二叉树转换为累加树.vcxproj", "{F9D8A091-ACCD-47B6-AEEF-972A6B7F07B6}"
EndProject
Project("{8BC9CEB8-8B4A-11D0-8D11-00A0C91BC942}") = "lt152.乘积最大的子数组", "lt152.乘积最大的数组\lt152.乘积最大的数组.vcxproj", "{A16CFBB8-7AF7-4C99-946F-24E7CDE16EB3}"
EndProject
Project("{8BC9CEB8-8B4A-11D0-8D11-00A0C91BC942}") = "lt.617合并二叉树", "lt.617合并二叉树\lt.617合并二叉树.vcxproj", "{61DE1C35-320B-4D4E-81DE-EBAEFCA22CB5}"
EndProject
Project("{8BC9CEB8-8B4A-11D0-8D11-00A0C91BC942}") = "lt501.二搜索树中的众数", "lt501.二搜索树中的众数\lt501.二搜索树中的众数.vcxproj", "{8A85569E-D7C9-429E-9658-377E5FEFCE04}"
EndProject
Project("{8BC9CEB8-8B4A-11D0-8D11-00A0C91BC942}") = "lt16.最接近的三数之和", "lt16.最接近的三数之和\lt16.最接近的三数之和.vcxproj", "{9EF4206C-2851-4350-B551-7507B7433902}"
EndProject
Project("{8BC9CEB8-8B4A-11D0-8D11-00A0C91BC942}") = "lt14.最长公共前缀", "lt14.最长公共前缀\lt14.最长公共前缀.vcxproj", "{23465CCE-16E8-4676-A558-23308F48C580}"
EndProject
Project("{8BC9CEB8-8B4A-11D0-8D11-00A0C91BC942}") = "lt28.实现strstr", "lt28.实现strstr\lt28.实现strstr.vcxproj", "{3C0622FC-5F79-4F89-ACED-D2D7D4C2283B}"
EndProject
Project("{8BC9CEB8-8B4A-11D0-8D11-00A0C91BC942}") = "lt78.子集", "lt78.子集\lt78.子集.vcxproj", "{1DE65D32-6767-401C-A9C3-0BEAC745DADC}"
EndProject
Project("{8BC9CEB8-8B4A-11D0-8D11-00A0C91BC942}") = "lt27.移除元素", "lt27.移除元素\lt27.移除元素.vcxproj", "{244FEEE9-32CB-4A7A-AFD9-330BCA3F80A5}"
EndProject
Project("{8BC9CEB8-8B4A-11D0-8D11-00A0C91BC942}") = "lt98.验证二叉搜索树", "lt98.验证二叉搜索树\lt98.验证二叉搜索树.vcxproj", "{D6F5BF95-B54B-408A-B6A5-A487E02E7E67}"
EndProject
Project("{8BC9CEB8-8B4A-11D0-8D11-00A0C91BC942}") = "lt34.在排序数组中查找元素的第一个和最后一个位置", "lt34.在排序数组中查找元素的第一个和最后一个位置\lt34.在排序数组中查找元素的第一个和最后一个位置.vcxproj", "{786AF3D2-8B4D-41A8-A4FF-0B982CB14F03}"
EndProject
Project("{8BC9CEB8-8B4A-11D0-8D11-00A0C91BC942}") = "lt75.颜色分类", "lt75.颜色分类\lt75.颜色分类.vcxproj", "{E37C7697-AA36-4F74-9FB0-B16FB2B2592C}"
EndProject
Project("{8BC9CEB8-8B4A-11D0-8D11-00A0C91BC942}") = "lt344.反转字符串", "lt344.反转字符串\lt344.反转字符串.vcxproj", "{99A0A099-A1AF-4769-8FB9-7C84BDF103C6}"
EndProject
Project("{8BC9CEB8-8B4A-11D0-8D11-00A0C91BC942}") = "lt141.环形链表", "lt141.环形链表\lt141.环形链表.vcxproj", "{5D705331-55DC-4D2F-A29F-962989231BDF}"
EndProject
Project("{8BC9CEB8-8B4A-11D0-8D11-00A0C91BC942}") = "lt17.电话号码的字母组合", "lt17.电话号码的字母组合\lt17.电话号码的字母组合.vcxproj", "{C17922C3-9DBC-4385-A172-91DE9A583D4A}"
EndProject
Project("{8BC9CEB8-8B4A-11D0-8D11-00A0C91BC942}") = "lt19.删除链表的倒数第K个节点", "lt19.删除链表的倒数第K个节点\lt19.删除链表的倒数第K个节点.vcxproj", "{52545885-647C-4F85-9FE5-6934887A94DD}"
EndProject
Project("{8BC9CEB8-8B4A-11D0-8D11-00A0C91BC942}") = "lt20.有效的括号", "lt20.有效的括号\lt20.有效的括号.vcxproj", "{D15A3ED1-6D96-4413-809A-E291FBE8D2FE}"
EndProject
Project("{8BC9CEB8-8B4A-11D0-8D11-00A0C91BC942}") = "lt41.缺失的第一个正数", "lt41.缺失的第一个正数\lt41.缺失的第一个正数.vcxproj", "{2EFB38CD-B7AA-4C18-98F8-C26EF17CB2E2}"
EndProject
Project("{8BC9CEB8-8B4A-11D0-8D11-00A0C91BC942}") = "lt24.两两交换链表中的节点", "lt24.两两交换链表中的节点\lt24.两两交换链表中的节点.vcxproj", "{93E124D5-8141-4453-81A7-8442D57A259E}"
EndProject
Project("{8BC9CEB8-8B4A-11D0-8D11-00A0C91BC942}") = "lt1002.查找常用字符", "lt1002.查找常用字符\lt1002.查找常用字符.vcxproj", "{5779026A-6BC8-4CD7-A770-6C9AC8512681}"
EndProject
Project("{8BC9CEB8-8B4A-11D0-8D11-00A0C91BC942}") = "lt977.有序数组的平方", "lt977.有序数组的平方\lt977.有序数组的平方.vcxproj", "{D13FE446-5624-4EC5-8796-98BCCCEBAEBE}"
EndProject
Project("{8BC9CEB8-8B4A-11D0-8D11-00A0C91BC942}") = "排序算法小结", "排序算法小结\排序算法小结.vcxproj", "{9B5FBD26-37B9-4B41-9717-10FDB2A910EA}"
EndProject
Project("{8BC9CEB8-8B4A-11D0-8D11-00A0C91BC942}") = "lt50.Pow(x,n)", "lt50.Pow(x,n)\lt50.Pow(x,n).vcxproj", "{86A4A09E-CF46-4A5A-A72D-3965DAB234C5}"
EndProject
Global
	GlobalSection(SolutionConfigurationPlatforms) = preSolution
		Debug|x64 = Debug|x64
		Debug|x86 = Debug|x86
		Release|x64 = Release|x64
		Release|x86 = Release|x86
	EndGlobalSection
	GlobalSection(ProjectConfigurationPlatforms) = postSolution
		{BA1EBF33-CCB3-4797-A88B-93A87A6E2262}.Debug|x64.ActiveCfg = Debug|x64
		{BA1EBF33-CCB3-4797-A88B-93A87A6E2262}.Debug|x64.Build.0 = Debug|x64
		{BA1EBF33-CCB3-4797-A88B-93A87A6E2262}.Debug|x86.ActiveCfg = Debug|Win32
		{BA1EBF33-CCB3-4797-A88B-93A87A6E2262}.Debug|x86.Build.0 = Debug|Win32
		{BA1EBF33-CCB3-4797-A88B-93A87A6E2262}.Release|x64.ActiveCfg = Release|x64
		{BA1EBF33-CCB3-4797-A88B-93A87A6E2262}.Release|x64.Build.0 = Release|x64
		{BA1EBF33-CCB3-4797-A88B-93A87A6E2262}.Release|x86.ActiveCfg = Release|Win32
		{BA1EBF33-CCB3-4797-A88B-93A87A6E2262}.Release|x86.Build.0 = Release|Win32
		{1C2BA32D-6A8D-46DE-9FB5-F7EDFA029402}.Debug|x64.ActiveCfg = Debug|x64
		{1C2BA32D-6A8D-46DE-9FB5-F7EDFA029402}.Debug|x64.Build.0 = Debug|x64
		{1C2BA32D-6A8D-46DE-9FB5-F7EDFA029402}.Debug|x86.ActiveCfg = Debug|Win32
		{1C2BA32D-6A8D-46DE-9FB5-F7EDFA029402}.Debug|x86.Build.0 = Debug|Win32
		{1C2BA32D-6A8D-46DE-9FB5-F7EDFA029402}.Release|x64.ActiveCfg = Release|x64
		{1C2BA32D-6A8D-46DE-9FB5-F7EDFA029402}.Release|x64.Build.0 = Release|x64
		{1C2BA32D-6A8D-46DE-9FB5-F7EDFA029402}.Release|x86.ActiveCfg = Release|Win32
		{1C2BA32D-6A8D-46DE-9FB5-F7EDFA029402}.Release|x86.Build.0 = Release|Win32
		{0D8078EC-C151-4614-B7A7-9B684E004888}.Debug|x64.ActiveCfg = Debug|x64
		{0D8078EC-C151-4614-B7A7-9B684E004888}.Debug|x64.Build.0 = Debug|x64
		{0D8078EC-C151-4614-B7A7-9B684E004888}.Debug|x86.ActiveCfg = Debug|Win32
		{0D8078EC-C151-4614-B7A7-9B684E004888}.Debug|x86.Build.0 = Debug|Win32
		{0D8078EC-C151-4614-B7A7-9B684E004888}.Release|x64.ActiveCfg = Release|x64
		{0D8078EC-C151-4614-B7A7-9B684E004888}.Release|x64.Build.0 = Release|x64
		{0D8078EC-C151-4614-B7A7-9B684E004888}.Release|x86.ActiveCfg = Release|Win32
		{0D8078EC-C151-4614-B7A7-9B684E004888}.Release|x86.Build.0 = Release|Win32
		{574F093C-1B9A-41DA-AE8F-08E405678374}.Debug|x64.ActiveCfg = Debug|x64
		{574F093C-1B9A-41DA-AE8F-08E405678374}.Debug|x64.Build.0 = Debug|x64
		{574F093C-1B9A-41DA-AE8F-08E405678374}.Debug|x86.ActiveCfg = Debug|Win32
		{574F093C-1B9A-41DA-AE8F-08E405678374}.Debug|x86.Build.0 = Debug|Win32
		{574F093C-1B9A-41DA-AE8F-08E405678374}.Release|x64.ActiveCfg = Release|x64
		{574F093C-1B9A-41DA-AE8F-08E405678374}.Release|x64.Build.0 = Release|x64
		{574F093C-1B9A-41DA-AE8F-08E405678374}.Release|x86.ActiveCfg = Release|Win32
		{574F093C-1B9A-41DA-AE8F-08E405678374}.Release|x86.Build.0 = Release|Win32
		{CA94734E-FD80-4757-B861-E21E770B7AD6}.Debug|x64.ActiveCfg = Debug|x64
		{CA94734E-FD80-4757-B861-E21E770B7AD6}.Debug|x64.Build.0 = Debug|x64
		{CA94734E-FD80-4757-B861-E21E770B7AD6}.Debug|x86.ActiveCfg = Debug|Win32
		{CA94734E-FD80-4757-B861-E21E770B7AD6}.Debug|x86.Build.0 = Debug|Win32
		{CA94734E-FD80-4757-B861-E21E770B7AD6}.Release|x64.ActiveCfg = Release|x64
		{CA94734E-FD80-4757-B861-E21E770B7AD6}.Release|x64.Build.0 = Release|x64
		{CA94734E-FD80-4757-B861-E21E770B7AD6}.Release|x86.ActiveCfg = Release|Win32
		{CA94734E-FD80-4757-B861-E21E770B7AD6}.Release|x86.Build.0 = Release|Win32
		{45FC94AF-40D8-4E68-842D-B827BA9EFEB3}.Debug|x64.ActiveCfg = Debug|x64
		{45FC94AF-40D8-4E68-842D-B827BA9EFEB3}.Debug|x64.Build.0 = Debug|x64
		{45FC94AF-40D8-4E68-842D-B827BA9EFEB3}.Debug|x86.ActiveCfg = Debug|Win32
		{45FC94AF-40D8-4E68-842D-B827BA9EFEB3}.Debug|x86.Build.0 = Debug|Win32
		{45FC94AF-40D8-4E68-842D-B827BA9EFEB3}.Release|x64.ActiveCfg = Release|x64
		{45FC94AF-40D8-4E68-842D-B827BA9EFEB3}.Release|x64.Build.0 = Release|x64
		{45FC94AF-40D8-4E68-842D-B827BA9EFEB3}.Release|x86.ActiveCfg = Release|Win32
		{45FC94AF-40D8-4E68-842D-B827BA9EFEB3}.Release|x86.Build.0 = Release|Win32
		{C6F1ED8D-BDCF-4F33-8C57-275172150C5E}.Debug|x64.ActiveCfg = Debug|x64
		{C6F1ED8D-BDCF-4F33-8C57-275172150C5E}.Debug|x64.Build.0 = Debug|x64
		{C6F1ED8D-BDCF-4F33-8C57-275172150C5E}.Debug|x86.ActiveCfg = Debug|Win32
		{C6F1ED8D-BDCF-4F33-8C57-275172150C5E}.Debug|x86.Build.0 = Debug|Win32
		{C6F1ED8D-BDCF-4F33-8C57-275172150C5E}.Release|x64.ActiveCfg = Release|x64
		{C6F1ED8D-BDCF-4F33-8C57-275172150C5E}.Release|x64.Build.0 = Release|x64
		{C6F1ED8D-BDCF-4F33-8C57-275172150C5E}.Release|x86.ActiveCfg = Release|Win32
		{C6F1ED8D-BDCF-4F33-8C57-275172150C5E}.Release|x86.Build.0 = Release|Win32
		{54210AFC-9840-4D84-842D-F8E8D0826E79}.Debug|x64.ActiveCfg = Debug|x64
		{54210AFC-9840-4D84-842D-F8E8D0826E79}.Debug|x64.Build.0 = Debug|x64
		{54210AFC-9840-4D84-842D-F8E8D0826E79}.Debug|x86.ActiveCfg = Debug|Win32
		{54210AFC-9840-4D84-842D-F8E8D0826E79}.Debug|x86.Build.0 = Debug|Win32
		{54210AFC-9840-4D84-842D-F8E8D0826E79}.Release|x64.ActiveCfg = Release|x64
		{54210AFC-9840-4D84-842D-F8E8D0826E79}.Release|x64.Build.0 = Release|x64
		{54210AFC-9840-4D84-842D-F8E8D0826E79}.Release|x86.ActiveCfg = Release|Win32
		{54210AFC-9840-4D84-842D-F8E8D0826E79}.Release|x86.Build.0 = Release|Win32
		{C1E663D6-D8A9-4CF1-8B6E-311E0C2D2207}.Debug|x64.ActiveCfg = Debug|x64
		{C1E663D6-D8A9-4CF1-8B6E-311E0C2D2207}.Debug|x64.Build.0 = Debug|x64
		{C1E663D6-D8A9-4CF1-8B6E-311E0C2D2207}.Debug|x86.ActiveCfg = Debug|Win32
		{C1E663D6-D8A9-4CF1-8B6E-311E0C2D2207}.Debug|x86.Build.0 = Debug|Win32
		{C1E663D6-D8A9-4CF1-8B6E-311E0C2D2207}.Release|x64.ActiveCfg = Release|x64
		{C1E663D6-D8A9-4CF1-8B6E-311E0C2D2207}.Release|x64.Build.0 = Release|x64
		{C1E663D6-D8A9-4CF1-8B6E-311E0C2D2207}.Release|x86.ActiveCfg = Release|Win32
		{C1E663D6-D8A9-4CF1-8B6E-311E0C2D2207}.Release|x86.Build.0 = Release|Win32
		{10E07386-6411-41E4-A935-C3AAFBBA6662}.Debug|x64.ActiveCfg = Debug|x64
		{10E07386-6411-41E4-A935-C3AAFBBA6662}.Debug|x64.Build.0 = Debug|x64
		{10E07386-6411-41E4-A935-C3AAFBBA6662}.Debug|x86.ActiveCfg = Debug|Win32
		{10E07386-6411-41E4-A935-C3AAFBBA6662}.Debug|x86.Build.0 = Debug|Win32
		{10E07386-6411-41E4-A935-C3AAFBBA6662}.Release|x64.ActiveCfg = Release|x64
		{10E07386-6411-41E4-A935-C3AAFBBA6662}.Release|x64.Build.0 = Release|x64
		{10E07386-6411-41E4-A935-C3AAFBBA6662}.Release|x86.ActiveCfg = Release|Win32
		{10E07386-6411-41E4-A935-C3AAFBBA6662}.Release|x86.Build.0 = Release|Win32
		{7251CD6C-2EA2-438F-B469-8EA62D460956}.Debug|x64.ActiveCfg = Debug|x64
		{7251CD6C-2EA2-438F-B469-8EA62D460956}.Debug|x64.Build.0 = Debug|x64
		{7251CD6C-2EA2-438F-B469-8EA62D460956}.Debug|x86.ActiveCfg = Debug|Win32
		{7251CD6C-2EA2-438F-B469-8EA62D460956}.Debug|x86.Build.0 = Debug|Win32
		{7251CD6C-2EA2-438F-B469-8EA62D460956}.Release|x64.ActiveCfg = Release|x64
		{7251CD6C-2EA2-438F-B469-8EA62D460956}.Release|x64.Build.0 = Release|x64
		{7251CD6C-2EA2-438F-B469-8EA62D460956}.Release|x86.ActiveCfg = Release|Win32
		{7251CD6C-2EA2-438F-B469-8EA62D460956}.Release|x86.Build.0 = Release|Win32
		{2EC1C314-02D3-46ED-A9E5-58BDC1D549AB}.Debug|x64.ActiveCfg = Debug|x64
		{2EC1C314-02D3-46ED-A9E5-58BDC1D549AB}.Debug|x64.Build.0 = Debug|x64
		{2EC1C314-02D3-46ED-A9E5-58BDC1D549AB}.Debug|x86.ActiveCfg = Debug|Win32
		{2EC1C314-02D3-46ED-A9E5-58BDC1D549AB}.Debug|x86.Build.0 = Debug|Win32
		{2EC1C314-02D3-46ED-A9E5-58BDC1D549AB}.Release|x64.ActiveCfg = Release|x64
		{2EC1C314-02D3-46ED-A9E5-58BDC1D549AB}.Release|x64.Build.0 = Release|x64
		{2EC1C314-02D3-46ED-A9E5-58BDC1D549AB}.Release|x86.ActiveCfg = Release|Win32
		{2EC1C314-02D3-46ED-A9E5-58BDC1D549AB}.Release|x86.Build.0 = Release|Win32
		{8552F834-2F6F-44F3-AFD6-A063D2CB989E}.Debug|x64.ActiveCfg = Debug|x64
		{8552F834-2F6F-44F3-AFD6-A063D2CB989E}.Debug|x64.Build.0 = Debug|x64
		{8552F834-2F6F-44F3-AFD6-A063D2CB989E}.Debug|x86.ActiveCfg = Debug|Win32
		{8552F834-2F6F-44F3-AFD6-A063D2CB989E}.Debug|x86.Build.0 = Debug|Win32
		{8552F834-2F6F-44F3-AFD6-A063D2CB989E}.Release|x64.ActiveCfg = Release|x64
		{8552F834-2F6F-44F3-AFD6-A063D2CB989E}.Release|x64.Build.0 = Release|x64
		{8552F834-2F6F-44F3-AFD6-A063D2CB989E}.Release|x86.ActiveCfg = Release|Win32
		{8552F834-2F6F-44F3-AFD6-A063D2CB989E}.Release|x86.Build.0 = Release|Win32
		{1C0B9B42-2B6D-4FA1-8F95-D53712DD656E}.Debug|x64.ActiveCfg = Debug|x64
		{1C0B9B42-2B6D-4FA1-8F95-D53712DD656E}.Debug|x64.Build.0 = Debug|x64
		{1C0B9B42-2B6D-4FA1-8F95-D53712DD656E}.Debug|x86.ActiveCfg = Debug|Win32
		{1C0B9B42-2B6D-4FA1-8F95-D53712DD656E}.Debug|x86.Build.0 = Debug|Win32
		{1C0B9B42-2B6D-4FA1-8F95-D53712DD656E}.Release|x64.ActiveCfg = Release|x64
		{1C0B9B42-2B6D-4FA1-8F95-D53712DD656E}.Release|x64.Build.0 = Release|x64
		{1C0B9B42-2B6D-4FA1-8F95-D53712DD656E}.Release|x86.ActiveCfg = Release|Win32
		{1C0B9B42-2B6D-4FA1-8F95-D53712DD656E}.Release|x86.Build.0 = Release|Win32
		{FEDBD700-7136-427E-BE06-90436BA7B5F4}.Debug|x64.ActiveCfg = Debug|x64
		{FEDBD700-7136-427E-BE06-90436BA7B5F4}.Debug|x64.Build.0 = Debug|x64
		{FEDBD700-7136-427E-BE06-90436BA7B5F4}.Debug|x86.ActiveCfg = Debug|Win32
		{FEDBD700-7136-427E-BE06-90436BA7B5F4}.Debug|x86.Build.0 = Debug|Win32
		{FEDBD700-7136-427E-BE06-90436BA7B5F4}.Release|x64.ActiveCfg = Release|x64
		{FEDBD700-7136-427E-BE06-90436BA7B5F4}.Release|x64.Build.0 = Release|x64
		{FEDBD700-7136-427E-BE06-90436BA7B5F4}.Release|x86.ActiveCfg = Release|Win32
		{FEDBD700-7136-427E-BE06-90436BA7B5F4}.Release|x86.Build.0 = Release|Win32
		{AB5C1638-CCBD-48F6-A8E5-9FB66C59017C}.Debug|x64.ActiveCfg = Debug|x64
		{AB5C1638-CCBD-48F6-A8E5-9FB66C59017C}.Debug|x64.Build.0 = Debug|x64
		{AB5C1638-CCBD-48F6-A8E5-9FB66C59017C}.Debug|x86.ActiveCfg = Debug|Win32
		{AB5C1638-CCBD-48F6-A8E5-9FB66C59017C}.Debug|x86.Build.0 = Debug|Win32
		{AB5C1638-CCBD-48F6-A8E5-9FB66C59017C}.Release|x64.ActiveCfg = Release|x64
		{AB5C1638-CCBD-48F6-A8E5-9FB66C59017C}.Release|x64.Build.0 = Release|x64
		{AB5C1638-CCBD-48F6-A8E5-9FB66C59017C}.Release|x86.ActiveCfg = Release|Win32
		{AB5C1638-CCBD-48F6-A8E5-9FB66C59017C}.Release|x86.Build.0 = Release|Win32
		{EDE788DD-1259-4E7C-A345-11EB6BBF3FCB}.Debug|x64.ActiveCfg = Debug|x64
		{EDE788DD-1259-4E7C-A345-11EB6BBF3FCB}.Debug|x64.Build.0 = Debug|x64
		{EDE788DD-1259-4E7C-A345-11EB6BBF3FCB}.Debug|x86.ActiveCfg = Debug|Win32
		{EDE788DD-1259-4E7C-A345-11EB6BBF3FCB}.Debug|x86.Build.0 = Debug|Win32
		{EDE788DD-1259-4E7C-A345-11EB6BBF3FCB}.Release|x64.ActiveCfg = Release|x64
		{EDE788DD-1259-4E7C-A345-11EB6BBF3FCB}.Release|x64.Build.0 = Release|x64
		{EDE788DD-1259-4E7C-A345-11EB6BBF3FCB}.Release|x86.ActiveCfg = Release|Win32
		{EDE788DD-1259-4E7C-A345-11EB6BBF3FCB}.Release|x86.Build.0 = Release|Win32
		{635E5070-29FB-4620-847A-FA34A7222789}.Debug|x64.ActiveCfg = Debug|x64
		{635E5070-29FB-4620-847A-FA34A7222789}.Debug|x64.Build.0 = Debug|x64
		{635E5070-29FB-4620-847A-FA34A7222789}.Debug|x86.ActiveCfg = Debug|Win32
		{635E5070-29FB-4620-847A-FA34A7222789}.Debug|x86.Build.0 = Debug|Win32
		{635E5070-29FB-4620-847A-FA34A7222789}.Release|x64.ActiveCfg = Release|x64
		{635E5070-29FB-4620-847A-FA34A7222789}.Release|x64.Build.0 = Release|x64
		{635E5070-29FB-4620-847A-FA34A7222789}.Release|x86.ActiveCfg = Release|Win32
		{635E5070-29FB-4620-847A-FA34A7222789}.Release|x86.Build.0 = Release|Win32
		{D0EB5BA3-FA67-4C6A-BCF9-AEB4E52032FC}.Debug|x64.ActiveCfg = Debug|x64
		{D0EB5BA3-FA67-4C6A-BCF9-AEB4E52032FC}.Debug|x64.Build.0 = Debug|x64
		{D0EB5BA3-FA67-4C6A-BCF9-AEB4E52032FC}.Debug|x86.ActiveCfg = Debug|Win32
		{D0EB5BA3-FA67-4C6A-BCF9-AEB4E52032FC}.Debug|x86.Build.0 = Debug|Win32
		{D0EB5BA3-FA67-4C6A-BCF9-AEB4E52032FC}.Release|x64.ActiveCfg = Release|x64
		{D0EB5BA3-FA67-4C6A-BCF9-AEB4E52032FC}.Release|x64.Build.0 = Release|x64
		{D0EB5BA3-FA67-4C6A-BCF9-AEB4E52032FC}.Release|x86.ActiveCfg = Release|Win32
		{D0EB5BA3-FA67-4C6A-BCF9-AEB4E52032FC}.Release|x86.Build.0 = Release|Win32
		{5BFABFC7-C71E-403E-AF5F-68E2D3943F83}.Debug|x64.ActiveCfg = Debug|x64
		{5BFABFC7-C71E-403E-AF5F-68E2D3943F83}.Debug|x64.Build.0 = Debug|x64
		{5BFABFC7-C71E-403E-AF5F-68E2D3943F83}.Debug|x86.ActiveCfg = Debug|Win32
		{5BFABFC7-C71E-403E-AF5F-68E2D3943F83}.Debug|x86.Build.0 = Debug|Win32
		{5BFABFC7-C71E-403E-AF5F-68E2D3943F83}.Release|x64.ActiveCfg = Release|x64
		{5BFABFC7-C71E-403E-AF5F-68E2D3943F83}.Release|x64.Build.0 = Release|x64
		{5BFABFC7-C71E-403E-AF5F-68E2D3943F83}.Release|x86.ActiveCfg = Release|Win32
		{5BFABFC7-C71E-403E-AF5F-68E2D3943F83}.Release|x86.Build.0 = Release|Win32
		{040DE1DB-8E86-4630-AE51-0754AB281636}.Debug|x64.ActiveCfg = Debug|x64
		{040DE1DB-8E86-4630-AE51-0754AB281636}.Debug|x64.Build.0 = Debug|x64
		{040DE1DB-8E86-4630-AE51-0754AB281636}.Debug|x86.ActiveCfg = Debug|Win32
		{040DE1DB-8E86-4630-AE51-0754AB281636}.Debug|x86.Build.0 = Debug|Win32
		{040DE1DB-8E86-4630-AE51-0754AB281636}.Release|x64.ActiveCfg = Release|x64
		{040DE1DB-8E86-4630-AE51-0754AB281636}.Release|x64.Build.0 = Release|x64
		{040DE1DB-8E86-4630-AE51-0754AB281636}.Release|x86.ActiveCfg = Release|Win32
		{040DE1DB-8E86-4630-AE51-0754AB281636}.Release|x86.Build.0 = Release|Win32
		{3C4BED24-B9E1-48B6-A257-3237F983B452}.Debug|x64.ActiveCfg = Debug|x64
		{3C4BED24-B9E1-48B6-A257-3237F983B452}.Debug|x64.Build.0 = Debug|x64
		{3C4BED24-B9E1-48B6-A257-3237F983B452}.Debug|x86.ActiveCfg = Debug|Win32
		{3C4BED24-B9E1-48B6-A257-3237F983B452}.Debug|x86.Build.0 = Debug|Win32
		{3C4BED24-B9E1-48B6-A257-3237F983B452}.Release|x64.ActiveCfg = Release|x64
		{3C4BED24-B9E1-48B6-A257-3237F983B452}.Release|x64.Build.0 = Release|x64
		{3C4BED24-B9E1-48B6-A257-3237F983B452}.Release|x86.ActiveCfg = Release|Win32
		{3C4BED24-B9E1-48B6-A257-3237F983B452}.Release|x86.Build.0 = Release|Win32
		{004D5026-5ED5-48FB-91DF-4618E1664D2F}.Debug|x64.ActiveCfg = Debug|x64
		{004D5026-5ED5-48FB-91DF-4618E1664D2F}.Debug|x64.Build.0 = Debug|x64
		{004D5026-5ED5-48FB-91DF-4618E1664D2F}.Debug|x86.ActiveCfg = Debug|Win32
		{004D5026-5ED5-48FB-91DF-4618E1664D2F}.Debug|x86.Build.0 = Debug|Win32
		{004D5026-5ED5-48FB-91DF-4618E1664D2F}.Release|x64.ActiveCfg = Release|x64
		{004D5026-5ED5-48FB-91DF-4618E1664D2F}.Release|x64.Build.0 = Release|x64
		{004D5026-5ED5-48FB-91DF-4618E1664D2F}.Release|x86.ActiveCfg = Release|Win32
		{004D5026-5ED5-48FB-91DF-4618E1664D2F}.Release|x86.Build.0 = Release|Win32
		{894F32E2-E449-4ADA-B095-6669DBA72039}.Debug|x64.ActiveCfg = Debug|x64
		{894F32E2-E449-4ADA-B095-6669DBA72039}.Debug|x64.Build.0 = Debug|x64
		{894F32E2-E449-4ADA-B095-6669DBA72039}.Debug|x86.ActiveCfg = Debug|Win32
		{894F32E2-E449-4ADA-B095-6669DBA72039}.Debug|x86.Build.0 = Debug|Win32
		{894F32E2-E449-4ADA-B095-6669DBA72039}.Release|x64.ActiveCfg = Release|x64
		{894F32E2-E449-4ADA-B095-6669DBA72039}.Release|x64.Build.0 = Release|x64
		{894F32E2-E449-4ADA-B095-6669DBA72039}.Release|x86.ActiveCfg = Release|Win32
		{894F32E2-E449-4ADA-B095-6669DBA72039}.Release|x86.Build.0 = Release|Win32
		{4D349D91-4A88-4595-9CE9-BB56B75E93B5}.Debug|x64.ActiveCfg = Debug|x64
		{4D349D91-4A88-4595-9CE9-BB56B75E93B5}.Debug|x64.Build.0 = Debug|x64
		{4D349D91-4A88-4595-9CE9-BB56B75E93B5}.Debug|x86.ActiveCfg = Debug|Win32
		{4D349D91-4A88-4595-9CE9-BB56B75E93B5}.Debug|x86.Build.0 = Debug|Win32
		{4D349D91-4A88-4595-9CE9-BB56B75E93B5}.Release|x64.ActiveCfg = Release|x64
		{4D349D91-4A88-4595-9CE9-BB56B75E93B5}.Release|x64.Build.0 = Release|x64
		{4D349D91-4A88-4595-9CE9-BB56B75E93B5}.Release|x86.ActiveCfg = Release|Win32
		{4D349D91-4A88-4595-9CE9-BB56B75E93B5}.Release|x86.Build.0 = Release|Win32
		{6924C3AB-2339-4F0D-B06C-2B7F73C8C04D}.Debug|x64.ActiveCfg = Debug|x64
		{6924C3AB-2339-4F0D-B06C-2B7F73C8C04D}.Debug|x64.Build.0 = Debug|x64
		{6924C3AB-2339-4F0D-B06C-2B7F73C8C04D}.Debug|x86.ActiveCfg = Debug|Win32
		{6924C3AB-2339-4F0D-B06C-2B7F73C8C04D}.Debug|x86.Build.0 = Debug|Win32
		{6924C3AB-2339-4F0D-B06C-2B7F73C8C04D}.Release|x64.ActiveCfg = Release|x64
		{6924C3AB-2339-4F0D-B06C-2B7F73C8C04D}.Release|x64.Build.0 = Release|x64
		{6924C3AB-2339-4F0D-B06C-2B7F73C8C04D}.Release|x86.ActiveCfg = Release|Win32
		{6924C3AB-2339-4F0D-B06C-2B7F73C8C04D}.Release|x86.Build.0 = Release|Win32
		{F9F94086-A2D3-414E-9D18-3FF74DFE85F6}.Debug|x64.ActiveCfg = Debug|x64
		{F9F94086-A2D3-414E-9D18-3FF74DFE85F6}.Debug|x64.Build.0 = Debug|x64
		{F9F94086-A2D3-414E-9D18-3FF74DFE85F6}.Debug|x86.ActiveCfg = Debug|Win32
		{F9F94086-A2D3-414E-9D18-3FF74DFE85F6}.Debug|x86.Build.0 = Debug|Win32
		{F9F94086-A2D3-414E-9D18-3FF74DFE85F6}.Release|x64.ActiveCfg = Release|x64
		{F9F94086-A2D3-414E-9D18-3FF74DFE85F6}.Release|x64.Build.0 = Release|x64
		{F9F94086-A2D3-414E-9D18-3FF74DFE85F6}.Release|x86.ActiveCfg = Release|Win32
		{F9F94086-A2D3-414E-9D18-3FF74DFE85F6}.Release|x86.Build.0 = Release|Win32
		{42F1BA29-B36B-4212-BF7B-7AFC0248D354}.Debug|x64.ActiveCfg = Debug|x64
		{42F1BA29-B36B-4212-BF7B-7AFC0248D354}.Debug|x64.Build.0 = Debug|x64
		{42F1BA29-B36B-4212-BF7B-7AFC0248D354}.Debug|x86.ActiveCfg = Debug|Win32
		{42F1BA29-B36B-4212-BF7B-7AFC0248D354}.Debug|x86.Build.0 = Debug|Win32
		{42F1BA29-B36B-4212-BF7B-7AFC0248D354}.Release|x64.ActiveCfg = Release|x64
		{42F1BA29-B36B-4212-BF7B-7AFC0248D354}.Release|x64.Build.0 = Release|x64
		{42F1BA29-B36B-4212-BF7B-7AFC0248D354}.Release|x86.ActiveCfg = Release|Win32
		{42F1BA29-B36B-4212-BF7B-7AFC0248D354}.Release|x86.Build.0 = Release|Win32
		{87611FC9-14E9-4B1E-B26A-36CBB9E28987}.Debug|x64.ActiveCfg = Debug|x64
		{87611FC9-14E9-4B1E-B26A-36CBB9E28987}.Debug|x64.Build.0 = Debug|x64
		{87611FC9-14E9-4B1E-B26A-36CBB9E28987}.Debug|x86.ActiveCfg = Debug|Win32
		{87611FC9-14E9-4B1E-B26A-36CBB9E28987}.Debug|x86.Build.0 = Debug|Win32
		{87611FC9-14E9-4B1E-B26A-36CBB9E28987}.Release|x64.ActiveCfg = Release|x64
		{87611FC9-14E9-4B1E-B26A-36CBB9E28987}.Release|x64.Build.0 = Release|x64
		{87611FC9-14E9-4B1E-B26A-36CBB9E28987}.Release|x86.ActiveCfg = Release|Win32
		{87611FC9-14E9-4B1E-B26A-36CBB9E28987}.Release|x86.Build.0 = Release|Win32
		{AA724177-B79D-44F1-A3B4-74F964256E67}.Debug|x64.ActiveCfg = Debug|x64
		{AA724177-B79D-44F1-A3B4-74F964256E67}.Debug|x64.Build.0 = Debug|x64
		{AA724177-B79D-44F1-A3B4-74F964256E67}.Debug|x86.ActiveCfg = Debug|Win32
		{AA724177-B79D-44F1-A3B4-74F964256E67}.Debug|x86.Build.0 = Debug|Win32
		{AA724177-B79D-44F1-A3B4-74F964256E67}.Release|x64.ActiveCfg = Release|x64
		{AA724177-B79D-44F1-A3B4-74F964256E67}.Release|x64.Build.0 = Release|x64
		{AA724177-B79D-44F1-A3B4-74F964256E67}.Release|x86.ActiveCfg = Release|Win32
		{AA724177-B79D-44F1-A3B4-74F964256E67}.Release|x86.Build.0 = Release|Win32
		{CEC832E1-307E-4805-A240-D21DB99FF919}.Debug|x64.ActiveCfg = Debug|x64
		{CEC832E1-307E-4805-A240-D21DB99FF919}.Debug|x64.Build.0 = Debug|x64
		{CEC832E1-307E-4805-A240-D21DB99FF919}.Debug|x86.ActiveCfg = Debug|Win32
		{CEC832E1-307E-4805-A240-D21DB99FF919}.Debug|x86.Build.0 = Debug|Win32
		{CEC832E1-307E-4805-A240-D21DB99FF919}.Release|x64.ActiveCfg = Release|x64
		{CEC832E1-307E-4805-A240-D21DB99FF919}.Release|x64.Build.0 = Release|x64
		{CEC832E1-307E-4805-A240-D21DB99FF919}.Release|x86.ActiveCfg = Release|Win32
		{CEC832E1-307E-4805-A240-D21DB99FF919}.Release|x86.Build.0 = Release|Win32
		{27C1E2FF-91E0-4733-AD31-273EDCB7B33D}.Debug|x64.ActiveCfg = Debug|x64
		{27C1E2FF-91E0-4733-AD31-273EDCB7B33D}.Debug|x64.Build.0 = Debug|x64
		{27C1E2FF-91E0-4733-AD31-273EDCB7B33D}.Debug|x86.ActiveCfg = Debug|Win32
		{27C1E2FF-91E0-4733-AD31-273EDCB7B33D}.Debug|x86.Build.0 = Debug|Win32
		{27C1E2FF-91E0-4733-AD31-273EDCB7B33D}.Release|x64.ActiveCfg = Release|x64
		{27C1E2FF-91E0-4733-AD31-273EDCB7B33D}.Release|x64.Build.0 = Release|x64
		{27C1E2FF-91E0-4733-AD31-273EDCB7B33D}.Release|x86.ActiveCfg = Release|Win32
		{27C1E2FF-91E0-4733-AD31-273EDCB7B33D}.Release|x86.Build.0 = Release|Win32
		{8EAEDB53-47CE-4F7A-A88E-C42D62236E66}.Debug|x64.ActiveCfg = Debug|x64
		{8EAEDB53-47CE-4F7A-A88E-C42D62236E66}.Debug|x64.Build.0 = Debug|x64
		{8EAEDB53-47CE-4F7A-A88E-C42D62236E66}.Debug|x86.ActiveCfg = Debug|Win32
		{8EAEDB53-47CE-4F7A-A88E-C42D62236E66}.Debug|x86.Build.0 = Debug|Win32
		{8EAEDB53-47CE-4F7A-A88E-C42D62236E66}.Release|x64.ActiveCfg = Release|x64
		{8EAEDB53-47CE-4F7A-A88E-C42D62236E66}.Release|x64.Build.0 = Release|x64
		{8EAEDB53-47CE-4F7A-A88E-C42D62236E66}.Release|x86.ActiveCfg = Release|Win32
		{8EAEDB53-47CE-4F7A-A88E-C42D62236E66}.Release|x86.Build.0 = Release|Win32
		{A53E39F8-2F7D-4B4B-90EB-5E2E94272398}.Debug|x64.ActiveCfg = Debug|x64
		{A53E39F8-2F7D-4B4B-90EB-5E2E94272398}.Debug|x64.Build.0 = Debug|x64
		{A53E39F8-2F7D-4B4B-90EB-5E2E94272398}.Debug|x86.ActiveCfg = Debug|Win32
		{A53E39F8-2F7D-4B4B-90EB-5E2E94272398}.Debug|x86.Build.0 = Debug|Win32
		{A53E39F8-2F7D-4B4B-90EB-5E2E94272398}.Release|x64.ActiveCfg = Release|x64
		{A53E39F8-2F7D-4B4B-90EB-5E2E94272398}.Release|x64.Build.0 = Release|x64
		{A53E39F8-2F7D-4B4B-90EB-5E2E94272398}.Release|x86.ActiveCfg = Release|Win32
		{A53E39F8-2F7D-4B4B-90EB-5E2E94272398}.Release|x86.Build.0 = Release|Win32
		{CA89EF9E-FB68-4D01-89EE-B53CCAFC0C97}.Debug|x64.ActiveCfg = Debug|x64
		{CA89EF9E-FB68-4D01-89EE-B53CCAFC0C97}.Debug|x64.Build.0 = Debug|x64
		{CA89EF9E-FB68-4D01-89EE-B53CCAFC0C97}.Debug|x86.ActiveCfg = Debug|Win32
		{CA89EF9E-FB68-4D01-89EE-B53CCAFC0C97}.Debug|x86.Build.0 = Debug|Win32
		{CA89EF9E-FB68-4D01-89EE-B53CCAFC0C97}.Release|x64.ActiveCfg = Release|x64
		{CA89EF9E-FB68-4D01-89EE-B53CCAFC0C97}.Release|x64.Build.0 = Release|x64
		{CA89EF9E-FB68-4D01-89EE-B53CCAFC0C97}.Release|x86.ActiveCfg = Release|Win32
		{CA89EF9E-FB68-4D01-89EE-B53CCAFC0C97}.Release|x86.Build.0 = Release|Win32
		{A63867CE-1B16-45C5-9E71-0645C9D18D6B}.Debug|x64.ActiveCfg = Debug|x64
		{A63867CE-1B16-45C5-9E71-0645C9D18D6B}.Debug|x64.Build.0 = Debug|x64
		{A63867CE-1B16-45C5-9E71-0645C9D18D6B}.Debug|x86.ActiveCfg = Debug|Win32
		{A63867CE-1B16-45C5-9E71-0645C9D18D6B}.Debug|x86.Build.0 = Debug|Win32
		{A63867CE-1B16-45C5-9E71-0645C9D18D6B}.Release|x64.ActiveCfg = Release|x64
		{A63867CE-1B16-45C5-9E71-0645C9D18D6B}.Release|x64.Build.0 = Release|x64
		{A63867CE-1B16-45C5-9E71-0645C9D18D6B}.Release|x86.ActiveCfg = Release|Win32
		{A63867CE-1B16-45C5-9E71-0645C9D18D6B}.Release|x86.Build.0 = Release|Win32
		{7EB213D5-96E9-4581-93CB-52967CFC8ED5}.Debug|x64.ActiveCfg = Debug|x64
		{7EB213D5-96E9-4581-93CB-52967CFC8ED5}.Debug|x64.Build.0 = Debug|x64
		{7EB213D5-96E9-4581-93CB-52967CFC8ED5}.Debug|x86.ActiveCfg = Debug|Win32
		{7EB213D5-96E9-4581-93CB-52967CFC8ED5}.Debug|x86.Build.0 = Debug|Win32
		{7EB213D5-96E9-4581-93CB-52967CFC8ED5}.Release|x64.ActiveCfg = Release|x64
		{7EB213D5-96E9-4581-93CB-52967CFC8ED5}.Release|x64.Build.0 = Release|x64
		{7EB213D5-96E9-4581-93CB-52967CFC8ED5}.Release|x86.ActiveCfg = Release|Win32
		{7EB213D5-96E9-4581-93CB-52967CFC8ED5}.Release|x86.Build.0 = Release|Win32
		{5F3D9DC8-68C0-4DC0-A80B-293EB77FDC97}.Debug|x64.ActiveCfg = Debug|x64
		{5F3D9DC8-68C0-4DC0-A80B-293EB77FDC97}.Debug|x64.Build.0 = Debug|x64
		{5F3D9DC8-68C0-4DC0-A80B-293EB77FDC97}.Debug|x86.ActiveCfg = Debug|Win32
		{5F3D9DC8-68C0-4DC0-A80B-293EB77FDC97}.Debug|x86.Build.0 = Debug|Win32
		{5F3D9DC8-68C0-4DC0-A80B-293EB77FDC97}.Release|x64.ActiveCfg = Release|x64
		{5F3D9DC8-68C0-4DC0-A80B-293EB77FDC97}.Release|x64.Build.0 = Release|x64
		{5F3D9DC8-68C0-4DC0-A80B-293EB77FDC97}.Release|x86.ActiveCfg = Release|Win32
		{5F3D9DC8-68C0-4DC0-A80B-293EB77FDC97}.Release|x86.Build.0 = Release|Win32
		{83D29380-CFC0-4C45-82B7-00E149411F1C}.Debug|x64.ActiveCfg = Debug|x64
		{83D29380-CFC0-4C45-82B7-00E149411F1C}.Debug|x64.Build.0 = Debug|x64
		{83D29380-CFC0-4C45-82B7-00E149411F1C}.Debug|x86.ActiveCfg = Debug|Win32
		{83D29380-CFC0-4C45-82B7-00E149411F1C}.Debug|x86.Build.0 = Debug|Win32
		{83D29380-CFC0-4C45-82B7-00E149411F1C}.Release|x64.ActiveCfg = Release|x64
		{83D29380-CFC0-4C45-82B7-00E149411F1C}.Release|x64.Build.0 = Release|x64
		{83D29380-CFC0-4C45-82B7-00E149411F1C}.Release|x86.ActiveCfg = Release|Win32
		{83D29380-CFC0-4C45-82B7-00E149411F1C}.Release|x86.Build.0 = Release|Win32
		{8C9C8DB8-4D87-4A3B-83B8-EDD19BBA63F8}.Debug|x64.ActiveCfg = Debug|x64
		{8C9C8DB8-4D87-4A3B-83B8-EDD19BBA63F8}.Debug|x64.Build.0 = Debug|x64
		{8C9C8DB8-4D87-4A3B-83B8-EDD19BBA63F8}.Debug|x86.ActiveCfg = Debug|Win32
		{8C9C8DB8-4D87-4A3B-83B8-EDD19BBA63F8}.Debug|x86.Build.0 = Debug|Win32
		{8C9C8DB8-4D87-4A3B-83B8-EDD19BBA63F8}.Release|x64.ActiveCfg = Release|x64
		{8C9C8DB8-4D87-4A3B-83B8-EDD19BBA63F8}.Release|x64.Build.0 = Release|x64
		{8C9C8DB8-4D87-4A3B-83B8-EDD19BBA63F8}.Release|x86.ActiveCfg = Release|Win32
		{8C9C8DB8-4D87-4A3B-83B8-EDD19BBA63F8}.Release|x86.Build.0 = Release|Win32
		{B76E8B21-2C94-4831-AD15-A3DA7BB23EF5}.Debug|x64.ActiveCfg = Debug|x64
		{B76E8B21-2C94-4831-AD15-A3DA7BB23EF5}.Debug|x64.Build.0 = Debug|x64
		{B76E8B21-2C94-4831-AD15-A3DA7BB23EF5}.Debug|x86.ActiveCfg = Debug|Win32
		{B76E8B21-2C94-4831-AD15-A3DA7BB23EF5}.Debug|x86.Build.0 = Debug|Win32
		{B76E8B21-2C94-4831-AD15-A3DA7BB23EF5}.Release|x64.ActiveCfg = Release|x64
		{B76E8B21-2C94-4831-AD15-A3DA7BB23EF5}.Release|x64.Build.0 = Release|x64
		{B76E8B21-2C94-4831-AD15-A3DA7BB23EF5}.Release|x86.ActiveCfg = Release|Win32
		{B76E8B21-2C94-4831-AD15-A3DA7BB23EF5}.Release|x86.Build.0 = Release|Win32
		{C8EEAD29-6D5C-4FE7-A25A-8C578EF7E00A}.Debug|x64.ActiveCfg = Debug|x64
		{C8EEAD29-6D5C-4FE7-A25A-8C578EF7E00A}.Debug|x64.Build.0 = Debug|x64
		{C8EEAD29-6D5C-4FE7-A25A-8C578EF7E00A}.Debug|x86.ActiveCfg = Debug|Win32
		{C8EEAD29-6D5C-4FE7-A25A-8C578EF7E00A}.Debug|x86.Build.0 = Debug|Win32
		{C8EEAD29-6D5C-4FE7-A25A-8C578EF7E00A}.Release|x64.ActiveCfg = Release|x64
		{C8EEAD29-6D5C-4FE7-A25A-8C578EF7E00A}.Release|x64.Build.0 = Release|x64
		{C8EEAD29-6D5C-4FE7-A25A-8C578EF7E00A}.Release|x86.ActiveCfg = Release|Win32
		{C8EEAD29-6D5C-4FE7-A25A-8C578EF7E00A}.Release|x86.Build.0 = Release|Win32
		{87D5A3FA-EFCD-4EED-AB73-ACF7356CE8E2}.Debug|x64.ActiveCfg = Debug|x64
		{87D5A3FA-EFCD-4EED-AB73-ACF7356CE8E2}.Debug|x64.Build.0 = Debug|x64
		{87D5A3FA-EFCD-4EED-AB73-ACF7356CE8E2}.Debug|x86.ActiveCfg = Debug|Win32
		{87D5A3FA-EFCD-4EED-AB73-ACF7356CE8E2}.Debug|x86.Build.0 = Debug|Win32
		{87D5A3FA-EFCD-4EED-AB73-ACF7356CE8E2}.Release|x64.ActiveCfg = Release|x64
		{87D5A3FA-EFCD-4EED-AB73-ACF7356CE8E2}.Release|x64.Build.0 = Release|x64
		{87D5A3FA-EFCD-4EED-AB73-ACF7356CE8E2}.Release|x86.ActiveCfg = Release|Win32
		{87D5A3FA-EFCD-4EED-AB73-ACF7356CE8E2}.Release|x86.Build.0 = Release|Win32
		{F9D8A091-ACCD-47B6-AEEF-972A6B7F07B6}.Debug|x64.ActiveCfg = Debug|x64
		{F9D8A091-ACCD-47B6-AEEF-972A6B7F07B6}.Debug|x64.Build.0 = Debug|x64
		{F9D8A091-ACCD-47B6-AEEF-972A6B7F07B6}.Debug|x86.ActiveCfg = Debug|Win32
		{F9D8A091-ACCD-47B6-AEEF-972A6B7F07B6}.Debug|x86.Build.0 = Debug|Win32
		{F9D8A091-ACCD-47B6-AEEF-972A6B7F07B6}.Release|x64.ActiveCfg = Release|x64
		{F9D8A091-ACCD-47B6-AEEF-972A6B7F07B6}.Release|x64.Build.0 = Release|x64
		{F9D8A091-ACCD-47B6-AEEF-972A6B7F07B6}.Release|x86.ActiveCfg = Release|Win32
		{F9D8A091-ACCD-47B6-AEEF-972A6B7F07B6}.Release|x86.Build.0 = Release|Win32
		{A16CFBB8-7AF7-4C99-946F-24E7CDE16EB3}.Debug|x64.ActiveCfg = Debug|x64
		{A16CFBB8-7AF7-4C99-946F-24E7CDE16EB3}.Debug|x64.Build.0 = Debug|x64
		{A16CFBB8-7AF7-4C99-946F-24E7CDE16EB3}.Debug|x86.ActiveCfg = Debug|Win32
		{A16CFBB8-7AF7-4C99-946F-24E7CDE16EB3}.Debug|x86.Build.0 = Debug|Win32
		{A16CFBB8-7AF7-4C99-946F-24E7CDE16EB3}.Release|x64.ActiveCfg = Release|x64
		{A16CFBB8-7AF7-4C99-946F-24E7CDE16EB3}.Release|x64.Build.0 = Release|x64
		{A16CFBB8-7AF7-4C99-946F-24E7CDE16EB3}.Release|x86.ActiveCfg = Release|Win32
		{A16CFBB8-7AF7-4C99-946F-24E7CDE16EB3}.Release|x86.Build.0 = Release|Win32
		{61DE1C35-320B-4D4E-81DE-EBAEFCA22CB5}.Debug|x64.ActiveCfg = Debug|x64
		{61DE1C35-320B-4D4E-81DE-EBAEFCA22CB5}.Debug|x64.Build.0 = Debug|x64
		{61DE1C35-320B-4D4E-81DE-EBAEFCA22CB5}.Debug|x86.ActiveCfg = Debug|Win32
		{61DE1C35-320B-4D4E-81DE-EBAEFCA22CB5}.Debug|x86.Build.0 = Debug|Win32
		{61DE1C35-320B-4D4E-81DE-EBAEFCA22CB5}.Release|x64.ActiveCfg = Release|x64
		{61DE1C35-320B-4D4E-81DE-EBAEFCA22CB5}.Release|x64.Build.0 = Release|x64
		{61DE1C35-320B-4D4E-81DE-EBAEFCA22CB5}.Release|x86.ActiveCfg = Release|Win32
		{61DE1C35-320B-4D4E-81DE-EBAEFCA22CB5}.Release|x86.Build.0 = Release|Win32
		{8A85569E-D7C9-429E-9658-377E5FEFCE04}.Debug|x64.ActiveCfg = Debug|x64
		{8A85569E-D7C9-429E-9658-377E5FEFCE04}.Debug|x64.Build.0 = Debug|x64
		{8A85569E-D7C9-429E-9658-377E5FEFCE04}.Debug|x86.ActiveCfg = Debug|Win32
		{8A85569E-D7C9-429E-9658-377E5FEFCE04}.Debug|x86.Build.0 = Debug|Win32
		{8A85569E-D7C9-429E-9658-377E5FEFCE04}.Release|x64.ActiveCfg = Release|x64
		{8A85569E-D7C9-429E-9658-377E5FEFCE04}.Release|x64.Build.0 = Release|x64
		{8A85569E-D7C9-429E-9658-377E5FEFCE04}.Release|x86.ActiveCfg = Release|Win32
		{8A85569E-D7C9-429E-9658-377E5FEFCE04}.Release|x86.Build.0 = Release|Win32
		{9EF4206C-2851-4350-B551-7507B7433902}.Debug|x64.ActiveCfg = Debug|x64
		{9EF4206C-2851-4350-B551-7507B7433902}.Debug|x64.Build.0 = Debug|x64
		{9EF4206C-2851-4350-B551-7507B7433902}.Debug|x86.ActiveCfg = Debug|Win32
		{9EF4206C-2851-4350-B551-7507B7433902}.Debug|x86.Build.0 = Debug|Win32
		{9EF4206C-2851-4350-B551-7507B7433902}.Release|x64.ActiveCfg = Release|x64
		{9EF4206C-2851-4350-B551-7507B7433902}.Release|x64.Build.0 = Release|x64
		{9EF4206C-2851-4350-B551-7507B7433902}.Release|x86.ActiveCfg = Release|Win32
		{9EF4206C-2851-4350-B551-7507B7433902}.Release|x86.Build.0 = Release|Win32
		{23465CCE-16E8-4676-A558-23308F48C580}.Debug|x64.ActiveCfg = Debug|x64
		{23465CCE-16E8-4676-A558-23308F48C580}.Debug|x64.Build.0 = Debug|x64
		{23465CCE-16E8-4676-A558-23308F48C580}.Debug|x86.ActiveCfg = Debug|Win32
		{23465CCE-16E8-4676-A558-23308F48C580}.Debug|x86.Build.0 = Debug|Win32
		{23465CCE-16E8-4676-A558-23308F48C580}.Release|x64.ActiveCfg = Release|x64
		{23465CCE-16E8-4676-A558-23308F48C580}.Release|x64.Build.0 = Release|x64
		{23465CCE-16E8-4676-A558-23308F48C580}.Release|x86.ActiveCfg = Release|Win32
		{23465CCE-16E8-4676-A558-23308F48C580}.Release|x86.Build.0 = Release|Win32
		{3C0622FC-5F79-4F89-ACED-D2D7D4C2283B}.Debug|x64.ActiveCfg = Debug|x64
		{3C0622FC-5F79-4F89-ACED-D2D7D4C2283B}.Debug|x64.Build.0 = Debug|x64
		{3C0622FC-5F79-4F89-ACED-D2D7D4C2283B}.Debug|x86.ActiveCfg = Debug|Win32
		{3C0622FC-5F79-4F89-ACED-D2D7D4C2283B}.Debug|x86.Build.0 = Debug|Win32
		{3C0622FC-5F79-4F89-ACED-D2D7D4C2283B}.Release|x64.ActiveCfg = Release|x64
		{3C0622FC-5F79-4F89-ACED-D2D7D4C2283B}.Release|x64.Build.0 = Release|x64
		{3C0622FC-5F79-4F89-ACED-D2D7D4C2283B}.Release|x86.ActiveCfg = Release|Win32
		{3C0622FC-5F79-4F89-ACED-D2D7D4C2283B}.Release|x86.Build.0 = Release|Win32
		{1DE65D32-6767-401C-A9C3-0BEAC745DADC}.Debug|x64.ActiveCfg = Debug|x64
		{1DE65D32-6767-401C-A9C3-0BEAC745DADC}.Debug|x64.Build.0 = Debug|x64
		{1DE65D32-6767-401C-A9C3-0BEAC745DADC}.Debug|x86.ActiveCfg = Debug|Win32
		{1DE65D32-6767-401C-A9C3-0BEAC745DADC}.Debug|x86.Build.0 = Debug|Win32
		{1DE65D32-6767-401C-A9C3-0BEAC745DADC}.Release|x64.ActiveCfg = Release|x64
		{1DE65D32-6767-401C-A9C3-0BEAC745DADC}.Release|x64.Build.0 = Release|x64
		{1DE65D32-6767-401C-A9C3-0BEAC745DADC}.Release|x86.ActiveCfg = Release|Win32
		{1DE65D32-6767-401C-A9C3-0BEAC745DADC}.Release|x86.Build.0 = Release|Win32
		{244FEEE9-32CB-4A7A-AFD9-330BCA3F80A5}.Debug|x64.ActiveCfg = Debug|x64
		{244FEEE9-32CB-4A7A-AFD9-330BCA3F80A5}.Debug|x64.Build.0 = Debug|x64
		{244FEEE9-32CB-4A7A-AFD9-330BCA3F80A5}.Debug|x86.ActiveCfg = Debug|Win32
		{244FEEE9-32CB-4A7A-AFD9-330BCA3F80A5}.Debug|x86.Build.0 = Debug|Win32
		{244FEEE9-32CB-4A7A-AFD9-330BCA3F80A5}.Release|x64.ActiveCfg = Release|x64
		{244FEEE9-32CB-4A7A-AFD9-330BCA3F80A5}.Release|x64.Build.0 = Release|x64
		{244FEEE9-32CB-4A7A-AFD9-330BCA3F80A5}.Release|x86.ActiveCfg = Release|Win32
		{244FEEE9-32CB-4A7A-AFD9-330BCA3F80A5}.Release|x86.Build.0 = Release|Win32
		{D6F5BF95-B54B-408A-B6A5-A487E02E7E67}.Debug|x64.ActiveCfg = Debug|x64
		{D6F5BF95-B54B-408A-B6A5-A487E02E7E67}.Debug|x64.Build.0 = Debug|x64
		{D6F5BF95-B54B-408A-B6A5-A487E02E7E67}.Debug|x86.ActiveCfg = Debug|Win32
		{D6F5BF95-B54B-408A-B6A5-A487E02E7E67}.Debug|x86.Build.0 = Debug|Win32
		{D6F5BF95-B54B-408A-B6A5-A487E02E7E67}.Release|x64.ActiveCfg = Release|x64
		{D6F5BF95-B54B-408A-B6A5-A487E02E7E67}.Release|x64.Build.0 = Release|x64
		{D6F5BF95-B54B-408A-B6A5-A487E02E7E67}.Release|x86.ActiveCfg = Release|Win32
		{D6F5BF95-B54B-408A-B6A5-A487E02E7E67}.Release|x86.Build.0 = Release|Win32
		{786AF3D2-8B4D-41A8-A4FF-0B982CB14F03}.Debug|x64.ActiveCfg = Debug|x64
		{786AF3D2-8B4D-41A8-A4FF-0B982CB14F03}.Debug|x64.Build.0 = Debug|x64
		{786AF3D2-8B4D-41A8-A4FF-0B982CB14F03}.Debug|x86.ActiveCfg = Debug|Win32
		{786AF3D2-8B4D-41A8-A4FF-0B982CB14F03}.Debug|x86.Build.0 = Debug|Win32
		{786AF3D2-8B4D-41A8-A4FF-0B982CB14F03}.Release|x64.ActiveCfg = Release|x64
		{786AF3D2-8B4D-41A8-A4FF-0B982CB14F03}.Release|x64.Build.0 = Release|x64
		{786AF3D2-8B4D-41A8-A4FF-0B982CB14F03}.Release|x86.ActiveCfg = Release|Win32
		{786AF3D2-8B4D-41A8-A4FF-0B982CB14F03}.Release|x86.Build.0 = Release|Win32
		{E37C7697-AA36-4F74-9FB0-B16FB2B2592C}.Debug|x64.ActiveCfg = Debug|x64
		{E37C7697-AA36-4F74-9FB0-B16FB2B2592C}.Debug|x64.Build.0 = Debug|x64
		{E37C7697-AA36-4F74-9FB0-B16FB2B2592C}.Debug|x86.ActiveCfg = Debug|Win32
		{E37C7697-AA36-4F74-9FB0-B16FB2B2592C}.Debug|x86.Build.0 = Debug|Win32
		{E37C7697-AA36-4F74-9FB0-B16FB2B2592C}.Release|x64.ActiveCfg = Release|x64
		{E37C7697-AA36-4F74-9FB0-B16FB2B2592C}.Release|x64.Build.0 = Release|x64
		{E37C7697-AA36-4F74-9FB0-B16FB2B2592C}.Release|x86.ActiveCfg = Release|Win32
		{E37C7697-AA36-4F74-9FB0-B16FB2B2592C}.Release|x86.Build.0 = Release|Win32
		{99A0A099-A1AF-4769-8FB9-7C84BDF103C6}.Debug|x64.ActiveCfg = Debug|x64
		{99A0A099-A1AF-4769-8FB9-7C84BDF103C6}.Debug|x64.Build.0 = Debug|x64
		{99A0A099-A1AF-4769-8FB9-7C84BDF103C6}.Debug|x86.ActiveCfg = Debug|Win32
		{99A0A099-A1AF-4769-8FB9-7C84BDF103C6}.Debug|x86.Build.0 = Debug|Win32
		{99A0A099-A1AF-4769-8FB9-7C84BDF103C6}.Release|x64.ActiveCfg = Release|x64
		{99A0A099-A1AF-4769-8FB9-7C84BDF103C6}.Release|x64.Build.0 = Release|x64
		{99A0A099-A1AF-4769-8FB9-7C84BDF103C6}.Release|x86.ActiveCfg = Release|Win32
		{99A0A099-A1AF-4769-8FB9-7C84BDF103C6}.Release|x86.Build.0 = Release|Win32
		{5D705331-55DC-4D2F-A29F-962989231BDF}.Debug|x64.ActiveCfg = Debug|x64
		{5D705331-55DC-4D2F-A29F-962989231BDF}.Debug|x64.Build.0 = Debug|x64
		{5D705331-55DC-4D2F-A29F-962989231BDF}.Debug|x86.ActiveCfg = Debug|Win32
		{5D705331-55DC-4D2F-A29F-962989231BDF}.Debug|x86.Build.0 = Debug|Win32
		{5D705331-55DC-4D2F-A29F-962989231BDF}.Release|x64.ActiveCfg = Release|x64
		{5D705331-55DC-4D2F-A29F-962989231BDF}.Release|x64.Build.0 = Release|x64
		{5D705331-55DC-4D2F-A29F-962989231BDF}.Release|x86.ActiveCfg = Release|Win32
		{5D705331-55DC-4D2F-A29F-962989231BDF}.Release|x86.Build.0 = Release|Win32
		{C17922C3-9DBC-4385-A172-91DE9A583D4A}.Debug|x64.ActiveCfg = Debug|x64
		{C17922C3-9DBC-4385-A172-91DE9A583D4A}.Debug|x64.Build.0 = Debug|x64
		{C17922C3-9DBC-4385-A172-91DE9A583D4A}.Debug|x86.ActiveCfg = Debug|Win32
		{C17922C3-9DBC-4385-A172-91DE9A583D4A}.Debug|x86.Build.0 = Debug|Win32
		{C17922C3-9DBC-4385-A172-91DE9A583D4A}.Release|x64.ActiveCfg = Release|x64
		{C17922C3-9DBC-4385-A172-91DE9A583D4A}.Release|x64.Build.0 = Release|x64
		{C17922C3-9DBC-4385-A172-91DE9A583D4A}.Release|x86.ActiveCfg = Release|Win32
		{C17922C3-9DBC-4385-A172-91DE9A583D4A}.Release|x86.Build.0 = Release|Win32
		{52545885-647C-4F85-9FE5-6934887A94DD}.Debug|x64.ActiveCfg = Debug|x64
		{52545885-647C-4F85-9FE5-6934887A94DD}.Debug|x64.Build.0 = Debug|x64
		{52545885-647C-4F85-9FE5-6934887A94DD}.Debug|x86.ActiveCfg = Debug|Win32
		{52545885-647C-4F85-9FE5-6934887A94DD}.Debug|x86.Build.0 = Debug|Win32
		{52545885-647C-4F85-9FE5-6934887A94DD}.Release|x64.ActiveCfg = Release|x64
		{52545885-647C-4F85-9FE5-6934887A94DD}.Release|x64.Build.0 = Release|x64
		{52545885-647C-4F85-9FE5-6934887A94DD}.Release|x86.ActiveCfg = Release|Win32
		{52545885-647C-4F85-9FE5-6934887A94DD}.Release|x86.Build.0 = Release|Win32
		{D15A3ED1-6D96-4413-809A-E291FBE8D2FE}.Debug|x64.ActiveCfg = Debug|x64
		{D15A3ED1-6D96-4413-809A-E291FBE8D2FE}.Debug|x64.Build.0 = Debug|x64
		{D15A3ED1-6D96-4413-809A-E291FBE8D2FE}.Debug|x86.ActiveCfg = Debug|Win32
		{D15A3ED1-6D96-4413-809A-E291FBE8D2FE}.Debug|x86.Build.0 = Debug|Win32
		{D15A3ED1-6D96-4413-809A-E291FBE8D2FE}.Release|x64.ActiveCfg = Release|x64
		{D15A3ED1-6D96-4413-809A-E291FBE8D2FE}.Release|x64.Build.0 = Release|x64
		{D15A3ED1-6D96-4413-809A-E291FBE8D2FE}.Release|x86.ActiveCfg = Release|Win32
		{D15A3ED1-6D96-4413-809A-E291FBE8D2FE}.Release|x86.Build.0 = Release|Win32
		{2EFB38CD-B7AA-4C18-98F8-C26EF17CB2E2}.Debug|x64.ActiveCfg = Debug|x64
		{2EFB38CD-B7AA-4C18-98F8-C26EF17CB2E2}.Debug|x64.Build.0 = Debug|x64
		{2EFB38CD-B7AA-4C18-98F8-C26EF17CB2E2}.Debug|x86.ActiveCfg = Debug|Win32
		{2EFB38CD-B7AA-4C18-98F8-C26EF17CB2E2}.Debug|x86.Build.0 = Debug|Win32
		{2EFB38CD-B7AA-4C18-98F8-C26EF17CB2E2}.Release|x64.ActiveCfg = Release|x64
		{2EFB38CD-B7AA-4C18-98F8-C26EF17CB2E2}.Release|x64.Build.0 = Release|x64
		{2EFB38CD-B7AA-4C18-98F8-C26EF17CB2E2}.Release|x86.ActiveCfg = Release|Win32
		{2EFB38CD-B7AA-4C18-98F8-C26EF17CB2E2}.Release|x86.Build.0 = Release|Win32
		{93E124D5-8141-4453-81A7-8442D57A259E}.Debug|x64.ActiveCfg = Debug|x64
		{93E124D5-8141-4453-81A7-8442D57A259E}.Debug|x64.Build.0 = Debug|x64
		{93E124D5-8141-4453-81A7-8442D57A259E}.Debug|x86.ActiveCfg = Debug|Win32
		{93E124D5-8141-4453-81A7-8442D57A259E}.Debug|x86.Build.0 = Debug|Win32
		{93E124D5-8141-4453-81A7-8442D57A259E}.Release|x64.ActiveCfg = Release|x64
		{93E124D5-8141-4453-81A7-8442D57A259E}.Release|x64.Build.0 = Release|x64
		{93E124D5-8141-4453-81A7-8442D57A259E}.Release|x86.ActiveCfg = Release|Win32
		{93E124D5-8141-4453-81A7-8442D57A259E}.Release|x86.Build.0 = Release|Win32
		{5779026A-6BC8-4CD7-A770-6C9AC8512681}.Debug|x64.ActiveCfg = Debug|x64
		{5779026A-6BC8-4CD7-A770-6C9AC8512681}.Debug|x64.Build.0 = Debug|x64
		{5779026A-6BC8-4CD7-A770-6C9AC8512681}.Debug|x86.ActiveCfg = Debug|Win32
		{5779026A-6BC8-4CD7-A770-6C9AC8512681}.Debug|x86.Build.0 = Debug|Win32
		{5779026A-6BC8-4CD7-A770-6C9AC8512681}.Release|x64.ActiveCfg = Release|x64
		{5779026A-6BC8-4CD7-A770-6C9AC8512681}.Release|x64.Build.0 = Release|x64
		{5779026A-6BC8-4CD7-A770-6C9AC8512681}.Release|x86.ActiveCfg = Release|Win32
		{5779026A-6BC8-4CD7-A770-6C9AC8512681}.Release|x86.Build.0 = Release|Win32
		{D13FE446-5624-4EC5-8796-98BCCCEBAEBE}.Debug|x64.ActiveCfg = Debug|x64
		{D13FE446-5624-4EC5-8796-98BCCCEBAEBE}.Debug|x64.Build.0 = Debug|x64
		{D13FE446-5624-4EC5-8796-98BCCCEBAEBE}.Debug|x86.ActiveCfg = Debug|Win32
		{D13FE446-5624-4EC5-8796-98BCCCEBAEBE}.Debug|x86.Build.0 = Debug|Win32
		{D13FE446-5624-4EC5-8796-98BCCCEBAEBE}.Release|x64.ActiveCfg = Release|x64
		{D13FE446-5624-4EC5-8796-98BCCCEBAEBE}.Release|x64.Build.0 = Release|x64
		{D13FE446-5624-4EC5-8796-98BCCCEBAEBE}.Release|x86.ActiveCfg = Release|Win32
		{D13FE446-5624-4EC5-8796-98BCCCEBAEBE}.Release|x86.Build.0 = Release|Win32
		{9B5FBD26-37B9-4B41-9717-10FDB2A910EA}.Debug|x64.ActiveCfg = Debug|x64
		{9B5FBD26-37B9-4B41-9717-10FDB2A910EA}.Debug|x64.Build.0 = Debug|x64
		{9B5FBD26-37B9-4B41-9717-10FDB2A910EA}.Debug|x86.ActiveCfg = Debug|Win32
		{9B5FBD26-37B9-4B41-9717-10FDB2A910EA}.Debug|x86.Build.0 = Debug|Win32
		{9B5FBD26-37B9-4B41-9717-10FDB2A910EA}.Release|x64.ActiveCfg = Release|x64
		{9B5FBD26-37B9-4B41-9717-10FDB2A910EA}.Release|x64.Build.0 = Release|x64
		{9B5FBD26-37B9-4B41-9717-10FDB2A910EA}.Release|x86.ActiveCfg = Release|Win32
		{9B5FBD26-37B9-4B41-9717-10FDB2A910EA}.Release|x86.Build.0 = Release|Win32
		{86A4A09E-CF46-4A5A-A72D-3965DAB234C5}.Debug|x64.ActiveCfg = Debug|x64
		{86A4A09E-CF46-4A5A-A72D-3965DAB234C5}.Debug|x64.Build.0 = Debug|x64
		{86A4A09E-CF46-4A5A-A72D-3965DAB234C5}.Debug|x86.ActiveCfg = Debug|Win32
		{86A4A09E-CF46-4A5A-A72D-3965DAB234C5}.Debug|x86.Build.0 = Debug|Win32
		{86A4A09E-CF46-4A5A-A72D-3965DAB234C5}.Release|x64.ActiveCfg = Release|x64
		{86A4A09E-CF46-4A5A-A72D-3965DAB234C5}.Release|x64.Build.0 = Release|x64
		{86A4A09E-CF46-4A5A-A72D-3965DAB234C5}.Release|x86.ActiveCfg = Release|Win32
		{86A4A09E-CF46-4A5A-A72D-3965DAB234C5}.Release|x86.Build.0 = Release|Win32
	EndGlobalSection
	GlobalSection(SolutionProperties) = preSolution
		HideSolutionNode = FALSE
	EndGlobalSection
	GlobalSection(ExtensibilityGlobals) = postSolution
		SolutionGuid = {773848A1-4352-44BA-B6F5-ECF0602D9649}
	EndGlobalSection
EndGlobal
