
Microsoft Visual Studio Solution File, Format Version 12.00
# Visual Studio Version 16
VisualStudioVersion = 16.0.30204.135
MinimumVisualStudioVersion = 10.0.40219.1
Project("{8BC9CEB8-8B4A-11D0-8D11-00A0C91BC942}") = "01 hello", "01 hello\01 hello.vcxproj", "{BA1EBF33-CCB3-4797-A88B-93A87A6E2262}"
EndProject
Project("{8BC9CEB8-8B4A-11D0-8D11-00A0C91BC942}") = "02 赋值运算符函数", "02 赋值运算符函数\02 赋值运算符函数.vcxproj", "{1C2BA32D-6A8D-46DE-9FB5-F7EDFA029402}"
EndProject
Project("{8BC9CEB8-8B4A-11D0-8D11-00A0C91BC942}") = "03 二维数组中的查找", "03 二维数组中的查找\03 二维数组中的查找.vcxproj", "{0D8078EC-C151-4614-B7A7-9B684E004888}"
EndProject
Project("{8BC9CEB8-8B4A-11D0-8D11-00A0C91BC942}") = "04 替换空格", "04 替换空格\04 替换空格.vcxproj", "{574F093C-1B9A-41DA-AE8F-08E405678374}"
EndProject
Project("{8BC9CEB8-8B4A-11D0-8D11-00A0C91BC942}") = "05 从尾到头打印链表", "05 从尾到头打印链表\05 从尾到头打印链表.vcxproj", "{CA94734E-FD80-4757-B861-E21E770B7AD6}"
EndProject
Project("{8BC9CEB8-8B4A-11D0-8D11-00A0C91BC942}") = "06 重建二叉树", "06 重建二叉树\06 重建二叉树.vcxproj", "{45FC94AF-40D8-4E68-842D-B827BA9EFEB3}"
EndProject
Project("{8BC9CEB8-8B4A-11D0-8D11-00A0C91BC942}") = "07 用两个栈实现队列", "07 用两个栈实现队列\07 用两个栈实现队列.vcxproj", "{C6F1ED8D-BDCF-4F33-8C57-275172150C5E}"
EndProject
Project("{8BC9CEB8-8B4A-11D0-8D11-00A0C91BC942}") = "快速排序", "快速排序\快速排序.vcxproj", "{54210AFC-9840-4D84-842D-F8E8D0826E79}"
EndProject
Project("{8BC9CEB8-8B4A-11D0-8D11-00A0C91BC942}") = "09 斐波那契数列", "09 斐波那契数列\09 斐波那契数列.vcxproj", "{C1E663D6-D8A9-4CF1-8B6E-311E0C2D2207}"
EndProject
Project("{8BC9CEB8-8B4A-11D0-8D11-00A0C91BC942}") = "10 二进制中1的个数", "10 二进制中1的个数\10 二进制中1的个数.vcxproj", "{10E07386-6411-41E4-A935-C3AAFBBA6662}"
EndProject
Project("{8BC9CEB8-8B4A-11D0-8D11-00A0C91BC942}") = "13 在O1时间内删除链表节点", "13 在O1时间内删除链表节点\13 在O1时间内删除链表节点.vcxproj", "{7251CD6C-2EA2-438F-B469-8EA62D460956}"
EndProject
Project("{8BC9CEB8-8B4A-11D0-8D11-00A0C91BC942}") = "复述", "复述\复述.vcxproj", "{2EC1C314-02D3-46ED-A9E5-58BDC1D549AB}"
EndProject
Global
	GlobalSection(SolutionConfigurationPlatforms) = preSolution
		Debug|x64 = Debug|x64
		Debug|x86 = Debug|x86
		Release|x64 = Release|x64
		Release|x86 = Release|x86
	EndGlobalSection
	GlobalSection(ProjectConfigurationPlatforms) = postSolution
		{BA1EBF33-CCB3-4797-A88B-93A87A6E2262}.Debug|x64.ActiveCfg = Debug|x64
		{BA1EBF33-CCB3-4797-A88B-93A87A6E2262}.Debug|x64.Build.0 = Debug|x64
		{BA1EBF33-CCB3-4797-A88B-93A87A6E2262}.Debug|x86.ActiveCfg = Debug|Win32
		{BA1EBF33-CCB3-4797-A88B-93A87A6E2262}.Debug|x86.Build.0 = Debug|Win32
		{BA1EBF33-CCB3-4797-A88B-93A87A6E2262}.Release|x64.ActiveCfg = Release|x64
		{BA1EBF33-CCB3-4797-A88B-93A87A6E2262}.Release|x64.Build.0 = Release|x64
		{BA1EBF33-CCB3-4797-A88B-93A87A6E2262}.Release|x86.ActiveCfg = Release|Win32
		{BA1EBF33-CCB3-4797-A88B-93A87A6E2262}.Release|x86.Build.0 = Release|Win32
		{1C2BA32D-6A8D-46DE-9FB5-F7EDFA029402}.Debug|x64.ActiveCfg = Debug|x64
		{1C2BA32D-6A8D-46DE-9FB5-F7EDFA029402}.Debug|x64.Build.0 = Debug|x64
		{1C2BA32D-6A8D-46DE-9FB5-F7EDFA029402}.Debug|x86.ActiveCfg = Debug|Win32
		{1C2BA32D-6A8D-46DE-9FB5-F7EDFA029402}.Debug|x86.Build.0 = Debug|Win32
		{1C2BA32D-6A8D-46DE-9FB5-F7EDFA029402}.Release|x64.ActiveCfg = Release|x64
		{1C2BA32D-6A8D-46DE-9FB5-F7EDFA029402}.Release|x64.Build.0 = Release|x64
		{1C2BA32D-6A8D-46DE-9FB5-F7EDFA029402}.Release|x86.ActiveCfg = Release|Win32
		{1C2BA32D-6A8D-46DE-9FB5-F7EDFA029402}.Release|x86.Build.0 = Release|Win32
		{0D8078EC-C151-4614-B7A7-9B684E004888}.Debug|x64.ActiveCfg = Debug|x64
		{0D8078EC-C151-4614-B7A7-9B684E004888}.Debug|x64.Build.0 = Debug|x64
		{0D8078EC-C151-4614-B7A7-9B684E004888}.Debug|x86.ActiveCfg = Debug|Win32
		{0D8078EC-C151-4614-B7A7-9B684E004888}.Debug|x86.Build.0 = Debug|Win32
		{0D8078EC-C151-4614-B7A7-9B684E004888}.Release|x64.ActiveCfg = Release|x64
		{0D8078EC-C151-4614-B7A7-9B684E004888}.Release|x64.Build.0 = Release|x64
		{0D8078EC-C151-4614-B7A7-9B684E004888}.Release|x86.ActiveCfg = Release|Win32
		{0D8078EC-C151-4614-B7A7-9B684E004888}.Release|x86.Build.0 = Release|Win32
		{574F093C-1B9A-41DA-AE8F-08E405678374}.Debug|x64.ActiveCfg = Debug|x64
		{574F093C-1B9A-41DA-AE8F-08E405678374}.Debug|x64.Build.0 = Debug|x64
		{574F093C-1B9A-41DA-AE8F-08E405678374}.Debug|x86.ActiveCfg = Debug|Win32
		{574F093C-1B9A-41DA-AE8F-08E405678374}.Debug|x86.Build.0 = Debug|Win32
		{574F093C-1B9A-41DA-AE8F-08E405678374}.Release|x64.ActiveCfg = Release|x64
		{574F093C-1B9A-41DA-AE8F-08E405678374}.Release|x64.Build.0 = Release|x64
		{574F093C-1B9A-41DA-AE8F-08E405678374}.Release|x86.ActiveCfg = Release|Win32
		{574F093C-1B9A-41DA-AE8F-08E405678374}.Release|x86.Build.0 = Release|Win32
		{CA94734E-FD80-4757-B861-E21E770B7AD6}.Debug|x64.ActiveCfg = Debug|x64
		{CA94734E-FD80-4757-B861-E21E770B7AD6}.Debug|x64.Build.0 = Debug|x64
		{CA94734E-FD80-4757-B861-E21E770B7AD6}.Debug|x86.ActiveCfg = Debug|Win32
		{CA94734E-FD80-4757-B861-E21E770B7AD6}.Debug|x86.Build.0 = Debug|Win32
		{CA94734E-FD80-4757-B861-E21E770B7AD6}.Release|x64.ActiveCfg = Release|x64
		{CA94734E-FD80-4757-B861-E21E770B7AD6}.Release|x64.Build.0 = Release|x64
		{CA94734E-FD80-4757-B861-E21E770B7AD6}.Release|x86.ActiveCfg = Release|Win32
		{CA94734E-FD80-4757-B861-E21E770B7AD6}.Release|x86.Build.0 = Release|Win32
		{45FC94AF-40D8-4E68-842D-B827BA9EFEB3}.Debug|x64.ActiveCfg = Debug|x64
		{45FC94AF-40D8-4E68-842D-B827BA9EFEB3}.Debug|x64.Build.0 = Debug|x64
		{45FC94AF-40D8-4E68-842D-B827BA9EFEB3}.Debug|x86.ActiveCfg = Debug|Win32
		{45FC94AF-40D8-4E68-842D-B827BA9EFEB3}.Debug|x86.Build.0 = Debug|Win32
		{45FC94AF-40D8-4E68-842D-B827BA9EFEB3}.Release|x64.ActiveCfg = Release|x64
		{45FC94AF-40D8-4E68-842D-B827BA9EFEB3}.Release|x64.Build.0 = Release|x64
		{45FC94AF-40D8-4E68-842D-B827BA9EFEB3}.Release|x86.ActiveCfg = Release|Win32
		{45FC94AF-40D8-4E68-842D-B827BA9EFEB3}.Release|x86.Build.0 = Release|Win32
		{C6F1ED8D-BDCF-4F33-8C57-275172150C5E}.Debug|x64.ActiveCfg = Debug|x64
		{C6F1ED8D-BDCF-4F33-8C57-275172150C5E}.Debug|x64.Build.0 = Debug|x64
		{C6F1ED8D-BDCF-4F33-8C57-275172150C5E}.Debug|x86.ActiveCfg = Debug|Win32
		{C6F1ED8D-BDCF-4F33-8C57-275172150C5E}.Debug|x86.Build.0 = Debug|Win32
		{C6F1ED8D-BDCF-4F33-8C57-275172150C5E}.Release|x64.ActiveCfg = Release|x64
		{C6F1ED8D-BDCF-4F33-8C57-275172150C5E}.Release|x64.Build.0 = Release|x64
		{C6F1ED8D-BDCF-4F33-8C57-275172150C5E}.Release|x86.ActiveCfg = Release|Win32
		{C6F1ED8D-BDCF-4F33-8C57-275172150C5E}.Release|x86.Build.0 = Release|Win32
		{54210AFC-9840-4D84-842D-F8E8D0826E79}.Debug|x64.ActiveCfg = Debug|x64
		{54210AFC-9840-4D84-842D-F8E8D0826E79}.Debug|x64.Build.0 = Debug|x64
		{54210AFC-9840-4D84-842D-F8E8D0826E79}.Debug|x86.ActiveCfg = Debug|Win32
		{54210AFC-9840-4D84-842D-F8E8D0826E79}.Debug|x86.Build.0 = Debug|Win32
		{54210AFC-9840-4D84-842D-F8E8D0826E79}.Release|x64.ActiveCfg = Release|x64
		{54210AFC-9840-4D84-842D-F8E8D0826E79}.Release|x64.Build.0 = Release|x64
		{54210AFC-9840-4D84-842D-F8E8D0826E79}.Release|x86.ActiveCfg = Release|Win32
		{54210AFC-9840-4D84-842D-F8E8D0826E79}.Release|x86.Build.0 = Release|Win32
		{C1E663D6-D8A9-4CF1-8B6E-311E0C2D2207}.Debug|x64.ActiveCfg = Debug|x64
		{C1E663D6-D8A9-4CF1-8B6E-311E0C2D2207}.Debug|x64.Build.0 = Debug|x64
		{C1E663D6-D8A9-4CF1-8B6E-311E0C2D2207}.Debug|x86.ActiveCfg = Debug|Win32
		{C1E663D6-D8A9-4CF1-8B6E-311E0C2D2207}.Debug|x86.Build.0 = Debug|Win32
		{C1E663D6-D8A9-4CF1-8B6E-311E0C2D2207}.Release|x64.ActiveCfg = Release|x64
		{C1E663D6-D8A9-4CF1-8B6E-311E0C2D2207}.Release|x64.Build.0 = Release|x64
		{C1E663D6-D8A9-4CF1-8B6E-311E0C2D2207}.Release|x86.ActiveCfg = Release|Win32
		{C1E663D6-D8A9-4CF1-8B6E-311E0C2D2207}.Release|x86.Build.0 = Release|Win32
		{10E07386-6411-41E4-A935-C3AAFBBA6662}.Debug|x64.ActiveCfg = Debug|x64
		{10E07386-6411-41E4-A935-C3AAFBBA6662}.Debug|x64.Build.0 = Debug|x64
		{10E07386-6411-41E4-A935-C3AAFBBA6662}.Debug|x86.ActiveCfg = Debug|Win32
		{10E07386-6411-41E4-A935-C3AAFBBA6662}.Debug|x86.Build.0 = Debug|Win32
		{10E07386-6411-41E4-A935-C3AAFBBA6662}.Release|x64.ActiveCfg = Release|x64
		{10E07386-6411-41E4-A935-C3AAFBBA6662}.Release|x64.Build.0 = Release|x64
		{10E07386-6411-41E4-A935-C3AAFBBA6662}.Release|x86.ActiveCfg = Release|Win32
		{10E07386-6411-41E4-A935-C3AAFBBA6662}.Release|x86.Build.0 = Release|Win32
		{7251CD6C-2EA2-438F-B469-8EA62D460956}.Debug|x64.ActiveCfg = Debug|x64
		{7251CD6C-2EA2-438F-B469-8EA62D460956}.Debug|x64.Build.0 = Debug|x64
		{7251CD6C-2EA2-438F-B469-8EA62D460956}.Debug|x86.ActiveCfg = Debug|Win32
		{7251CD6C-2EA2-438F-B469-8EA62D460956}.Debug|x86.Build.0 = Debug|Win32
		{7251CD6C-2EA2-438F-B469-8EA62D460956}.Release|x64.ActiveCfg = Release|x64
		{7251CD6C-2EA2-438F-B469-8EA62D460956}.Release|x64.Build.0 = Release|x64
		{7251CD6C-2EA2-438F-B469-8EA62D460956}.Release|x86.ActiveCfg = Release|Win32
		{7251CD6C-2EA2-438F-B469-8EA62D460956}.Release|x86.Build.0 = Release|Win32
		{2EC1C314-02D3-46ED-A9E5-58BDC1D549AB}.Debug|x64.ActiveCfg = Debug|x64
		{2EC1C314-02D3-46ED-A9E5-58BDC1D549AB}.Debug|x64.Build.0 = Debug|x64
		{2EC1C314-02D3-46ED-A9E5-58BDC1D549AB}.Debug|x86.ActiveCfg = Debug|Win32
		{2EC1C314-02D3-46ED-A9E5-58BDC1D549AB}.Debug|x86.Build.0 = Debug|Win32
		{2EC1C314-02D3-46ED-A9E5-58BDC1D549AB}.Release|x64.ActiveCfg = Release|x64
		{2EC1C314-02D3-46ED-A9E5-58BDC1D549AB}.Release|x64.Build.0 = Release|x64
		{2EC1C314-02D3-46ED-A9E5-58BDC1D549AB}.Release|x86.ActiveCfg = Release|Win32
		{2EC1C314-02D3-46ED-A9E5-58BDC1D549AB}.Release|x86.Build.0 = Release|Win32
	EndGlobalSection
	GlobalSection(SolutionProperties) = preSolution
		HideSolutionNode = FALSE
	EndGlobalSection
	GlobalSection(ExtensibilityGlobals) = postSolution
		SolutionGuid = {773848A1-4352-44BA-B6F5-ECF0602D9649}
	EndGlobalSection
EndGlobal
